PODS:
  - "NSObject+Rx (5.2.2)":
    - RxSwift (~> 6.2)
  - RxCocoa (6.5.0):
    - RxRelay (= 6.5.0)
    - RxSwift (= 6.5.0)
  - RxGesture (4.0.4):
    - RxCocoa (~> 6.0)
    - RxSwift (~> 6.0)
  - RxOptional (5.0.2):
    - RxCocoa (~> 6.0)
    - RxSwift (~> 6.0)
  - RxRelay (6.5.0):
    - RxSwift (= 6.5.0)
  - RxSwift (6.5.0)
  - TTAssistKit (1.0.2):
    - "NSObject+Rx (= 5.2.2)"
    - RxCocoa (= 6.5.0)
    - RxOptional (= 5.0.2)
    - RxRelay (= 6.5.0)
    - RxSwift (= 6.5.0)
    - TTAssistKit/TTAssistCore (= 1.0.2)
    - TTAssistKit/TTDevice (= 1.0.2)
    - TTAssistKit/TTNetObserver (= 1.0.2)
  - TTBusinessComponents (0.1.0):
    - TTBusinessComponents/TTActiveLabel (= 0.1.0)
    - TTBusinessComponents/TTAvatar (= 0.1.0)
    - TTBusinessComponents/TTCustomListView (= 0.1.0)
    - TTBusinessComponents/TTStaticList (= 0.1.0)
    - TTBusinessComponents/TTTabbar (= 0.1.0)
    - TTUIKit
  - TTUIKit (1.0.0):
    - "NSObject+Rx (= 5.2.2)"
    - RxCocoa (= 6.5.0)
    - RxGesture (= 4.0.4)
    - RxOptional (= 5.0.2)
    - RxRelay (= 6.5.0)
    - RxSwift (= 6.5.0)
    - TTUIKit/TTAutoSizeView (= 1.0.0)
    - TTUIKit/TTComponents (= 1.0.0)
    - TTUIKit/TTCore (= 1.0.0)
    - TTUIKit/TTExtension (= 1.0.0)
    - TTUIKit/TTIcons (= 1.0.0)
    - TTUIKit/TTToast (= 1.0.0)

DEPENDENCIES:
  - TTAssistKit (from `../../TTAssistKit`)
  - TTBusinessComponents (from `../`)
  - TTUIKit (from `../../TTUIKit`)

SPEC REPOS:
  trunk:
    - "NSObject+Rx"
    - RxCocoa
    - RxGesture
    - RxOptional
    - RxRelay
    - RxSwift

EXTERNAL SOURCES:
  TTAssistKit:
    :path: "../../TTAssistKit"
  TTBusinessComponents:
    :path: "../"
  TTUIKit:
    :path: "../../TTUIKit"

SPEC CHECKSUMS:
  "NSObject+Rx": 61cf1f7306a73dcef8b36649198af0813ec18dfd
  RxCocoa: 94f817b71c07517321eb4f9ad299112ca8af743b
  RxGesture: f3efb47ed2d26a8082f7b660d4a59970e275a7f8
  RxOptional: 3664964c96b69dd20c9cf78bdfe546615e26eca8
  RxRelay: 1de1523e604c72b6c68feadedd1af3b1b4d0ecbd
  RxSwift: 5710a9e6b17f3c3d6e40d6e559b9fa1e813b2ef8
  TTAssistKit: e08d942b137df0bdc50bf0a29105297a324ef683
  TTBusinessComponents: a9bdae6ae3067a54452e71fe53b58b6dc139dd15
  TTUIKit: b1436314ab35a684e1b352139f1b787eb14361ee

PODFILE CHECKSUM: 799a20eea63b7b7f99e1edd300a81f4ba2d9fa31

COCOAPODS: 1.11.3
