// !$*UTF8*$!
{
	archiveVersion = 1;
	classes = {
	};
	objectVersion = 46;
	objects = {

/* Begin PBXBuildFile section */
		1D5D11A5302E682876E73B93 /* Pods_TTBusinessComponents_Example.framework in Frameworks */ = {isa = PBXBuildFile; fileRef = B22545B4CB39718B06AC72C6 /* Pods_TTBusinessComponents_Example.framework */; };
		607FACD61AFB9204008FA782 /* AppDelegate.swift in Sources */ = {isa = PBXBuildFile; fileRef = 607FACD51AFB9204008FA782 /* AppDelegate.swift */; };
		607FACD81AFB9204008FA782 /* ViewController.swift in Sources */ = {isa = PBXBuildFile; fileRef = 607FACD71AFB9204008FA782 /* ViewController.swift */; };
		607FACDB1AFB9204008FA782 /* Main.storyboard in Resources */ = {isa = PBXBuildFile; fileRef = 607FACD91AFB9204008FA782 /* Main.storyboard */; };
		607FACDD1AFB9204008FA782 /* Images.xcassets in Resources */ = {isa = PBXBuildFile; fileRef = 607FACDC1AFB9204008FA782 /* Images.xcassets */; };
		607FACE01AFB9204008FA782 /* LaunchScreen.xib in Resources */ = {isa = PBXBuildFile; fileRef = 607FACDE1AFB9204008FA782 /* LaunchScreen.xib */; };
		607FACEC1AFB9204008FA782 /* Tests.swift in Sources */ = {isa = PBXBuildFile; fileRef = 607FACEB1AFB9204008FA782 /* Tests.swift */; };
		9A938C7AE3B4A5EBFC66A702 /* Pods_TTBusinessComponents_Tests.framework in Frameworks */ = {isa = PBXBuildFile; fileRef = 2FE2DD785E13C61632132DBE /* Pods_TTBusinessComponents_Tests.framework */; };
/* End PBXBuildFile section */

/* Begin PBXContainerItemProxy section */
		607FACE61AFB9204008FA782 /* PBXContainerItemProxy */ = {
			isa = PBXContainerItemProxy;
			containerPortal = 607FACC81AFB9204008FA782 /* Project object */;
			proxyType = 1;
			remoteGlobalIDString = 607FACCF1AFB9204008FA782;
			remoteInfo = TTBusinessComponents;
		};
/* End PBXContainerItemProxy section */

/* Begin PBXFileReference section */
		0908333BDAAF0C15580A1979 /* README.md */ = {isa = PBXFileReference; includeInIndex = 1; lastKnownFileType = net.daringfireball.markdown; name = README.md; path = ../README.md; sourceTree = "<group>"; };
		12728A665B26D79836049B6A /* Pods-TTBusinessComponents_Tests.debug.xcconfig */ = {isa = PBXFileReference; includeInIndex = 1; lastKnownFileType = text.xcconfig; name = "Pods-TTBusinessComponents_Tests.debug.xcconfig"; path = "Target Support Files/Pods-TTBusinessComponents_Tests/Pods-TTBusinessComponents_Tests.debug.xcconfig"; sourceTree = "<group>"; };
		29E86139F948A124D29B80AF /* Pods-TTBusinessComponents_Example.release.xcconfig */ = {isa = PBXFileReference; includeInIndex = 1; lastKnownFileType = text.xcconfig; name = "Pods-TTBusinessComponents_Example.release.xcconfig"; path = "Target Support Files/Pods-TTBusinessComponents_Example/Pods-TTBusinessComponents_Example.release.xcconfig"; sourceTree = "<group>"; };
		2FE2DD785E13C61632132DBE /* Pods_TTBusinessComponents_Tests.framework */ = {isa = PBXFileReference; explicitFileType = wrapper.framework; includeInIndex = 0; path = Pods_TTBusinessComponents_Tests.framework; sourceTree = BUILT_PRODUCTS_DIR; };
		607FACD01AFB9204008FA782 /* TTBusinessComponents_Example.app */ = {isa = PBXFileReference; explicitFileType = wrapper.application; includeInIndex = 0; path = TTBusinessComponents_Example.app; sourceTree = BUILT_PRODUCTS_DIR; };
		607FACD41AFB9204008FA782 /* Info.plist */ = {isa = PBXFileReference; lastKnownFileType = text.plist.xml; path = Info.plist; sourceTree = "<group>"; };
		607FACD51AFB9204008FA782 /* AppDelegate.swift */ = {isa = PBXFileReference; lastKnownFileType = sourcecode.swift; path = AppDelegate.swift; sourceTree = "<group>"; };
		607FACD71AFB9204008FA782 /* ViewController.swift */ = {isa = PBXFileReference; lastKnownFileType = sourcecode.swift; path = ViewController.swift; sourceTree = "<group>"; };
		607FACDA1AFB9204008FA782 /* Base */ = {isa = PBXFileReference; lastKnownFileType = file.storyboard; name = Base; path = Base.lproj/Main.storyboard; sourceTree = "<group>"; };
		607FACDC1AFB9204008FA782 /* Images.xcassets */ = {isa = PBXFileReference; lastKnownFileType = folder.assetcatalog; path = Images.xcassets; sourceTree = "<group>"; };
		607FACDF1AFB9204008FA782 /* Base */ = {isa = PBXFileReference; lastKnownFileType = file.xib; name = Base; path = Base.lproj/LaunchScreen.xib; sourceTree = "<group>"; };
		607FACE51AFB9204008FA782 /* TTBusinessComponents_Tests.xctest */ = {isa = PBXFileReference; explicitFileType = wrapper.cfbundle; includeInIndex = 0; path = TTBusinessComponents_Tests.xctest; sourceTree = BUILT_PRODUCTS_DIR; };
		607FACEA1AFB9204008FA782 /* Info.plist */ = {isa = PBXFileReference; lastKnownFileType = text.plist.xml; path = Info.plist; sourceTree = "<group>"; };
		607FACEB1AFB9204008FA782 /* Tests.swift */ = {isa = PBXFileReference; lastKnownFileType = sourcecode.swift; path = Tests.swift; sourceTree = "<group>"; };
		62FAF268B046ADFAD7DD5C84 /* Pods-TTBusinessComponents_Tests.release.xcconfig */ = {isa = PBXFileReference; includeInIndex = 1; lastKnownFileType = text.xcconfig; name = "Pods-TTBusinessComponents_Tests.release.xcconfig"; path = "Target Support Files/Pods-TTBusinessComponents_Tests/Pods-TTBusinessComponents_Tests.release.xcconfig"; sourceTree = "<group>"; };
		779AF8125A101370DCC2E764 /* LICENSE */ = {isa = PBXFileReference; includeInIndex = 1; lastKnownFileType = text; name = LICENSE; path = ../LICENSE; sourceTree = "<group>"; };
		A28D4F158B7A9B7A2EE9E171 /* TTBusinessComponents.podspec */ = {isa = PBXFileReference; includeInIndex = 1; lastKnownFileType = text; name = TTBusinessComponents.podspec; path = ../TTBusinessComponents.podspec; sourceTree = "<group>"; xcLanguageSpecificationIdentifier = xcode.lang.ruby; };
		B22545B4CB39718B06AC72C6 /* Pods_TTBusinessComponents_Example.framework */ = {isa = PBXFileReference; explicitFileType = wrapper.framework; includeInIndex = 0; path = Pods_TTBusinessComponents_Example.framework; sourceTree = BUILT_PRODUCTS_DIR; };
		B37016DA109801E70E2F78E4 /* Pods-TTBusinessComponents_Example.debug.xcconfig */ = {isa = PBXFileReference; includeInIndex = 1; lastKnownFileType = text.xcconfig; name = "Pods-TTBusinessComponents_Example.debug.xcconfig"; path = "Target Support Files/Pods-TTBusinessComponents_Example/Pods-TTBusinessComponents_Example.debug.xcconfig"; sourceTree = "<group>"; };
		F191B5B229E161D700365926 /* TTViewModel.swift */ = {isa = PBXFileReference; lastKnownFileType = sourcecode.swift; path = TTViewModel.swift; sourceTree = "<group>"; };
		F191B5B329E161D700365926 /* TTView.swift */ = {isa = PBXFileReference; lastKnownFileType = sourcecode.swift; path = TTView.swift; sourceTree = "<group>"; };
		F191B5B429E161D700365926 /* TTViewController.swift */ = {isa = PBXFileReference; lastKnownFileType = sourcecode.swift; path = TTViewController.swift; sourceTree = "<group>"; };
		F191B5B629E161D700365926 /* TTStackView.swift */ = {isa = PBXFileReference; lastKnownFileType = sourcecode.swift; path = TTStackView.swift; sourceTree = "<group>"; };
		F191B5B929E161D700365926 /* TTCollectionViewModel.swift */ = {isa = PBXFileReference; lastKnownFileType = sourcecode.swift; path = TTCollectionViewModel.swift; sourceTree = "<group>"; };
		F191B5BB29E161D700365926 /* TTCollectionViewCellViewModel.swift */ = {isa = PBXFileReference; lastKnownFileType = sourcecode.swift; path = TTCollectionViewCellViewModel.swift; sourceTree = "<group>"; };
		F191B5BC29E161D700365926 /* TTCollectionViewCell.xib */ = {isa = PBXFileReference; lastKnownFileType = file.xib; path = TTCollectionViewCell.xib; sourceTree = "<group>"; };
		F191B5BD29E161D700365926 /* TTCollectionView.swift */ = {isa = PBXFileReference; lastKnownFileType = sourcecode.swift; path = TTCollectionView.swift; sourceTree = "<group>"; };
		F191B5BE29E161D700365926 /* TTCollectionViewPhotoCell.swift */ = {isa = PBXFileReference; lastKnownFileType = sourcecode.swift; path = TTCollectionViewPhotoCell.swift; sourceTree = "<group>"; };
		F191B5BF29E161D700365926 /* TTCollectionViewCell.swift */ = {isa = PBXFileReference; lastKnownFileType = sourcecode.swift; path = TTCollectionViewCell.swift; sourceTree = "<group>"; };
		F191B5C129E161D700365926 /* TTCollectionViewController.swift */ = {isa = PBXFileReference; lastKnownFileType = sourcecode.swift; path = TTCollectionViewController.swift; sourceTree = "<group>"; };
		F191B5C329E161D700365926 /* TTControll.swift */ = {isa = PBXFileReference; lastKnownFileType = sourcecode.swift; path = TTControll.swift; sourceTree = "<group>"; };
		F191B5C529E161D700365926 /* TTTextView.swift */ = {isa = PBXFileReference; lastKnownFileType = sourcecode.swift; path = TTTextView.swift; sourceTree = "<group>"; };
		F191B5C629E161D700365926 /* TTTextConfigure.swift */ = {isa = PBXFileReference; lastKnownFileType = sourcecode.swift; path = TTTextConfigure.swift; sourceTree = "<group>"; };
		F191B5C829E161D700365926 /* TTCustomTextFiledContainer.swift */ = {isa = PBXFileReference; lastKnownFileType = sourcecode.swift; path = TTCustomTextFiledContainer.swift; sourceTree = "<group>"; };
		F191B5C929E161D700365926 /* TTTextFiled.swift */ = {isa = PBXFileReference; lastKnownFileType = sourcecode.swift; path = TTTextFiled.swift; sourceTree = "<group>"; };
		F191B5CC29E161D700365926 /* TTTableViewViewModel.swift */ = {isa = PBXFileReference; lastKnownFileType = sourcecode.swift; path = TTTableViewViewModel.swift; sourceTree = "<group>"; };
		F191B5CE29E161D700365926 /* TTRefreshPotocol.swift */ = {isa = PBXFileReference; lastKnownFileType = sourcecode.swift; path = TTRefreshPotocol.swift; sourceTree = "<group>"; };
		F191B5D029E161D700365926 /* TTTableViewController.swift */ = {isa = PBXFileReference; lastKnownFileType = sourcecode.swift; path = TTTableViewController.swift; sourceTree = "<group>"; };
		F191B5D229E161D700365926 /* TTTableViewSectionTitleView.swift */ = {isa = PBXFileReference; lastKnownFileType = sourcecode.swift; path = TTTableViewSectionTitleView.swift; sourceTree = "<group>"; };
		F191B5D329E161D700365926 /* TTTableView.swift */ = {isa = PBXFileReference; lastKnownFileType = sourcecode.swift; path = TTTableView.swift; sourceTree = "<group>"; };
		F191B5D429E161D700365926 /* EmptyTableView.swift */ = {isa = PBXFileReference; lastKnownFileType = sourcecode.swift; path = EmptyTableView.swift; sourceTree = "<group>"; };
		F191B5D629E161D700365926 /* TTTableViewCellViewModel.swift */ = {isa = PBXFileReference; lastKnownFileType = sourcecode.swift; path = TTTableViewCellViewModel.swift; sourceTree = "<group>"; };
		F191B5D729E161D700365926 /* TTTableViewCell.swift */ = {isa = PBXFileReference; lastKnownFileType = sourcecode.swift; path = TTTableViewCell.swift; sourceTree = "<group>"; };
		F191B5DA29E161D700365926 /* TTImageViewExtension.swift */ = {isa = PBXFileReference; lastKnownFileType = sourcecode.swift; path = TTImageViewExtension.swift; sourceTree = "<group>"; };
		F191B5DC29E161D700365926 /* TTTextViewExtension.swift */ = {isa = PBXFileReference; lastKnownFileType = sourcecode.swift; path = TTTextViewExtension.swift; sourceTree = "<group>"; };
		F191B5DD29E161D700365926 /* TTTextFiledExtension.swift */ = {isa = PBXFileReference; lastKnownFileType = sourcecode.swift; path = TTTextFiledExtension.swift; sourceTree = "<group>"; };
		F191B5DF29E161D700365926 /* UILabel+TTLabelOCCategory.h */ = {isa = PBXFileReference; lastKnownFileType = sourcecode.c.h; path = "UILabel+TTLabelOCCategory.h"; sourceTree = "<group>"; };
		F191B5E029E161D700365926 /* TTLabelExtension.swift */ = {isa = PBXFileReference; lastKnownFileType = sourcecode.swift; path = TTLabelExtension.swift; sourceTree = "<group>"; };
		F191B5E129E161D700365926 /* UILabel+TTLabelOCCategory.m */ = {isa = PBXFileReference; lastKnownFileType = sourcecode.c.objc; path = "UILabel+TTLabelOCCategory.m"; sourceTree = "<group>"; };
		F191B5E329E161D700365926 /* TTContollerExtention.swift */ = {isa = PBXFileReference; lastKnownFileType = sourcecode.swift; path = TTContollerExtention.swift; sourceTree = "<group>"; };
		F191B5E529E161D700365926 /* TTImageExtension.swift */ = {isa = PBXFileReference; lastKnownFileType = sourcecode.swift; path = TTImageExtension.swift; sourceTree = "<group>"; };
		F191B5E729E161D700365926 /* TTCommonUIExtension.swift */ = {isa = PBXFileReference; lastKnownFileType = sourcecode.swift; path = TTCommonUIExtension.swift; sourceTree = "<group>"; };
		F191B5E929E161D700365926 /* SnapKitExtension.swift */ = {isa = PBXFileReference; lastKnownFileType = sourcecode.swift; path = SnapKitExtension.swift; sourceTree = "<group>"; };
		F191B5EB29E161D700365926 /* TTButtonExtension.swift */ = {isa = PBXFileReference; lastKnownFileType = sourcecode.swift; path = TTButtonExtension.swift; sourceTree = "<group>"; };
		F191B5ED29E161D700365926 /* TTViewExtension.swift */ = {isa = PBXFileReference; lastKnownFileType = sourcecode.swift; path = TTViewExtension.swift; sourceTree = "<group>"; };
		F191B5EF29E161D700365926 /* TTStringExtension.swift */ = {isa = PBXFileReference; lastKnownFileType = sourcecode.swift; path = TTStringExtension.swift; sourceTree = "<group>"; };
		F191B5F129E161D700365926 /* TTFontExtension.swift */ = {isa = PBXFileReference; lastKnownFileType = sourcecode.swift; path = TTFontExtension.swift; sourceTree = "<group>"; };
		F191B5F329E161D700365926 /* TTVerticleIconTextItem.swift */ = {isa = PBXFileReference; lastKnownFileType = sourcecode.swift; path = TTVerticleIconTextItem.swift; sourceTree = "<group>"; };
		F191B5F529E161D700365926 /* TTGridView.swift */ = {isa = PBXFileReference; lastKnownFileType = sourcecode.swift; path = TTGridView.swift; sourceTree = "<group>"; };
		F191B5F629E161D700365926 /* TTTouchMoveView.swift */ = {isa = PBXFileReference; lastKnownFileType = sourcecode.swift; path = TTTouchMoveView.swift; sourceTree = "<group>"; };
		F191B5F829E161D700365926 /* TTControllSelectBar.swift */ = {isa = PBXFileReference; lastKnownFileType = sourcecode.swift; path = TTControllSelectBar.swift; sourceTree = "<group>"; };
		F191B5FB29E161D700365926 /* TTTbbarItemTuberView.swift */ = {isa = PBXFileReference; lastKnownFileType = sourcecode.swift; path = TTTbbarItemTuberView.swift; sourceTree = "<group>"; };
		F191B5FC29E161D700365926 /* TTTabbar.swift */ = {isa = PBXFileReference; lastKnownFileType = sourcecode.swift; path = TTTabbar.swift; sourceTree = "<group>"; };
		F191B5FD29E161D700365926 /* TTTabbarItem.swift */ = {isa = PBXFileReference; lastKnownFileType = sourcecode.swift; path = TTTabbarItem.swift; sourceTree = "<group>"; };
		F191B5FF29E161D700365926 /* TTTabbarViewController.swift */ = {isa = PBXFileReference; lastKnownFileType = sourcecode.swift; path = TTTabbarViewController.swift; sourceTree = "<group>"; };
		F191B60129E161D700365926 /* TTPicker.swift */ = {isa = PBXFileReference; lastKnownFileType = sourcecode.swift; path = TTPicker.swift; sourceTree = "<group>"; };
		F191B60329E161D700365926 /* TTCarousel.swift */ = {isa = PBXFileReference; lastKnownFileType = sourcecode.swift; path = TTCarousel.swift; sourceTree = "<group>"; };
		F191B60429E161D700365926 /* TTPageControll.swift */ = {isa = PBXFileReference; lastKnownFileType = sourcecode.swift; path = TTPageControll.swift; sourceTree = "<group>"; };
		F191B60629E161D700365926 /* TTCustomTextContainerView.swift */ = {isa = PBXFileReference; lastKnownFileType = sourcecode.swift; path = TTCustomTextContainerView.swift; sourceTree = "<group>"; };
		F191B60829E161D700365926 /* TTBadge.swift */ = {isa = PBXFileReference; lastKnownFileType = sourcecode.swift; path = TTBadge.swift; sourceTree = "<group>"; };
		F191B60A29E161D700365926 /* TTAutoSizeView.swift */ = {isa = PBXFileReference; lastKnownFileType = sourcecode.swift; path = TTAutoSizeView.swift; sourceTree = "<group>"; };
		F191B60C29E161D800365926 /* TTButton.swift */ = {isa = PBXFileReference; lastKnownFileType = sourcecode.swift; path = TTButton.swift; sourceTree = "<group>"; };
		F191B60E29E161D800365926 /* TTTableViewStaticListModel.swift */ = {isa = PBXFileReference; lastKnownFileType = sourcecode.swift; path = TTTableViewStaticListModel.swift; sourceTree = "<group>"; };
		F191B60F29E161D800365926 /* TTStaticList.swift */ = {isa = PBXFileReference; lastKnownFileType = sourcecode.swift; path = TTStaticList.swift; sourceTree = "<group>"; };
		F191B61029E161D800365926 /* TTStaticRow.swift */ = {isa = PBXFileReference; lastKnownFileType = sourcecode.swift; path = TTStaticRow.swift; sourceTree = "<group>"; };
		F191B61129E161D800365926 /* TTStaticSectionHeaderFooter.swift */ = {isa = PBXFileReference; lastKnownFileType = sourcecode.swift; path = TTStaticSectionHeaderFooter.swift; sourceTree = "<group>"; };
		F191B61229E161D800365926 /* TTStaticListController.swift */ = {isa = PBXFileReference; lastKnownFileType = sourcecode.swift; path = TTStaticListController.swift; sourceTree = "<group>"; };
		F191B61429E161D800365926 /* TTWebViewController.swift */ = {isa = PBXFileReference; lastKnownFileType = sourcecode.swift; path = TTWebViewController.swift; sourceTree = "<group>"; };
		F191B61629E161D800365926 /* TTProfileHeader.swift */ = {isa = PBXFileReference; lastKnownFileType = sourcecode.swift; path = TTProfileHeader.swift; sourceTree = "<group>"; };
		F191B61829E161D800365926 /* TTElevatorView.swift */ = {isa = PBXFileReference; lastKnownFileType = sourcecode.swift; path = TTElevatorView.swift; sourceTree = "<group>"; };
		F191B61929E161D800365926 /* TTSearchBar.swift */ = {isa = PBXFileReference; lastKnownFileType = sourcecode.swift; path = TTSearchBar.swift; sourceTree = "<group>"; };
		F191B61A29E161D800365926 /* TTSingleTypeCellFormTableView.swift */ = {isa = PBXFileReference; lastKnownFileType = sourcecode.swift; path = TTSingleTypeCellFormTableView.swift; sourceTree = "<group>"; };
		F191B61C29E161D800365926 /* TTAddPhotoBanner1.swift */ = {isa = PBXFileReference; lastKnownFileType = sourcecode.swift; path = TTAddPhotoBanner1.swift; sourceTree = "<group>"; };
		F191B61D29E161D800365926 /* TTAddPhotoBanner.swift */ = {isa = PBXFileReference; lastKnownFileType = sourcecode.swift; path = TTAddPhotoBanner.swift; sourceTree = "<group>"; };
		F191B61F29E161D800365926 /* TTAutoRefreshTableViewController.swift */ = {isa = PBXFileReference; lastKnownFileType = sourcecode.swift; path = TTAutoRefreshTableViewController.swift; sourceTree = "<group>"; };
		F191B62129E161D800365926 /* TTAlertConfig.swift */ = {isa = PBXFileReference; lastKnownFileType = sourcecode.swift; path = TTAlertConfig.swift; sourceTree = "<group>"; };
		F191B62229E161D800365926 /* TTCustomAlert.swift */ = {isa = PBXFileReference; lastKnownFileType = sourcecode.swift; path = TTCustomAlert.swift; sourceTree = "<group>"; };
		F191B62329E161D800365926 /* TTAlert.swift */ = {isa = PBXFileReference; lastKnownFileType = sourcecode.swift; path = TTAlert.swift; sourceTree = "<group>"; };
		F191B62529E161D800365926 /* TTChatInputContainer.swift */ = {isa = PBXFileReference; lastKnownFileType = sourcecode.swift; path = TTChatInputContainer.swift; sourceTree = "<group>"; };
		F191B62629E161D800365926 /* TTChatInputView.swift */ = {isa = PBXFileReference; lastKnownFileType = sourcecode.swift; path = TTChatInputView.swift; sourceTree = "<group>"; };
		F191B62929E161D800365926 /* TTBoxColor.swift */ = {isa = PBXFileReference; lastKnownFileType = sourcecode.swift; path = TTBoxColor.swift; sourceTree = "<group>"; };
		F191B62B29E161D800365926 /* Emoji.plist */ = {isa = PBXFileReference; lastKnownFileType = text.plist.xml; path = Emoji.plist; sourceTree = "<group>"; };
		F191B62C29E161D800365926 /* TTResource.xcassets */ = {isa = PBXFileReference; lastKnownFileType = folder.assetcatalog; path = TTResource.xcassets; sourceTree = "<group>"; };
		F191B62E29E161D800365926 /* TTNetManager.swift */ = {isa = PBXFileReference; lastKnownFileType = sourcecode.swift; path = TTNetManager.swift; sourceTree = "<group>"; };
		F191B62F29E161D800365926 /* TTNet.swift */ = {isa = PBXFileReference; lastKnownFileType = sourcecode.swift; path = TTNet.swift; sourceTree = "<group>"; };
		F191B63029E161D800365926 /* TTNetTool.swift */ = {isa = PBXFileReference; lastKnownFileType = sourcecode.swift; path = TTNetTool.swift; sourceTree = "<group>"; };
		F191B63229E161D800365926 /* TTNetInterceptor.swift */ = {isa = PBXFileReference; lastKnownFileType = sourcecode.swift; path = TTNetInterceptor.swift; sourceTree = "<group>"; };
		F191B63329E161D800365926 /* TTAuthenticator.swift */ = {isa = PBXFileReference; lastKnownFileType = sourcecode.swift; path = TTAuthenticator.swift; sourceTree = "<group>"; };
		F191B63429E161D800365926 /* TTNetModel.swift */ = {isa = PBXFileReference; lastKnownFileType = sourcecode.swift; path = TTNetModel.swift; sourceTree = "<group>"; };
		F191B63729E161D800365926 /* TTNormalCarousel.swift */ = {isa = PBXFileReference; lastKnownFileType = sourcecode.swift; path = TTNormalCarousel.swift; sourceTree = "<group>"; };
		F191B63929E161D800365926 /* TTAnimate.swift */ = {isa = PBXFileReference; lastKnownFileType = sourcecode.swift; path = TTAnimate.swift; sourceTree = "<group>"; };
		F191B63C29E161D800365926 /* TTWeChatTool.swift */ = {isa = PBXFileReference; lastKnownFileType = sourcecode.swift; path = TTWeChatTool.swift; sourceTree = "<group>"; };
		F191B63E29E161D800365926 /* TTCalendarReminder.swift */ = {isa = PBXFileReference; lastKnownFileType = sourcecode.swift; path = TTCalendarReminder.swift; sourceTree = "<group>"; };
		F191B64029E161D800365926 /* TTMarqueeView.swift */ = {isa = PBXFileReference; lastKnownFileType = sourcecode.swift; path = TTMarqueeView.swift; sourceTree = "<group>"; };
		F191B64229E161D800365926 /* TTStoreEvaluateManager.swift */ = {isa = PBXFileReference; lastKnownFileType = sourcecode.swift; path = TTStoreEvaluateManager.swift; sourceTree = "<group>"; };
		F191B64429E161D800365926 /* TTDevice.swift */ = {isa = PBXFileReference; lastKnownFileType = sourcecode.swift; path = TTDevice.swift; sourceTree = "<group>"; };
		F191B64629E161D800365926 /* TTPanActionHelper.swift */ = {isa = PBXFileReference; lastKnownFileType = sourcecode.swift; path = TTPanActionHelper.swift; sourceTree = "<group>"; };
		F191B64829E161D800365926 /* TTPhotoManager.swift */ = {isa = PBXFileReference; lastKnownFileType = sourcecode.swift; path = TTPhotoManager.swift; sourceTree = "<group>"; };
		F191B64A29E161D800365926 /* TTImageBrowser.swift */ = {isa = PBXFileReference; lastKnownFileType = sourcecode.swift; path = TTImageBrowser.swift; sourceTree = "<group>"; };
		F191B64C29E161D800365926 /* TTTimer.swift */ = {isa = PBXFileReference; lastKnownFileType = sourcecode.swift; path = TTTimer.swift; sourceTree = "<group>"; };
		F191B64E29E161D800365926 /* TTDebubgerViewController.swift */ = {isa = PBXFileReference; lastKnownFileType = sourcecode.swift; path = TTDebubgerViewController.swift; sourceTree = "<group>"; };
		F191B64F29E161D800365926 /* YYFPSLabel.h */ = {isa = PBXFileReference; lastKnownFileType = sourcecode.c.h; path = YYFPSLabel.h; sourceTree = "<group>"; };
		F191B65029E161D800365926 /* TTDebugger.swift */ = {isa = PBXFileReference; lastKnownFileType = sourcecode.swift; path = TTDebugger.swift; sourceTree = "<group>"; };
		F191B65129E161D800365926 /* YYFPSLabel.m */ = {isa = PBXFileReference; lastKnownFileType = sourcecode.c.objc; path = YYFPSLabel.m; sourceTree = "<group>"; };
		F191B65229E161D800365926 /* TTEnvironmentManager.swift */ = {isa = PBXFileReference; lastKnownFileType = sourcecode.swift; path = TTEnvironmentManager.swift; sourceTree = "<group>"; };
		F191B65429E161D800365926 /* TTSVIndefiniteAnimatedView.m */ = {isa = PBXFileReference; lastKnownFileType = sourcecode.c.objc; path = TTSVIndefiniteAnimatedView.m; sourceTree = "<group>"; };
		F191B65529E161D800365926 /* TTHUD.swift */ = {isa = PBXFileReference; lastKnownFileType = sourcecode.swift; path = TTHUD.swift; sourceTree = "<group>"; };
		F191B65629E161D800365926 /* TTSVIndefiniteAnimatedView.h */ = {isa = PBXFileReference; lastKnownFileType = sourcecode.c.h; path = TTSVIndefiniteAnimatedView.h; sourceTree = "<group>"; };
		F191B65729E161D800365926 /* TTKeyboardManager.swift */ = {isa = PBXFileReference; lastKnownFileType = sourcecode.swift; path = TTKeyboardManager.swift; sourceTree = "<group>"; };
		F191B65829E161D800365926 /* README.md */ = {isa = PBXFileReference; lastKnownFileType = net.daringfireball.markdown; path = README.md; sourceTree = "<group>"; };
		F191B65929E161D800365926 /* TTConfig.swift */ = {isa = PBXFileReference; lastKnownFileType = sourcecode.swift; path = TTConfig.swift; sourceTree = "<group>"; };
		F191B65A29E161D800365926 /* TTBox.swift */ = {isa = PBXFileReference; lastKnownFileType = sourcecode.swift; path = TTBox.swift; sourceTree = "<group>"; };
		F191B65D29E161D800365926 /* ErrorTracker.swift */ = {isa = PBXFileReference; lastKnownFileType = sourcecode.swift; path = ErrorTracker.swift; sourceTree = "<group>"; };
		F191B65F29E161D800365926 /* YYTextKeyboardManager.h */ = {isa = PBXFileReference; lastKnownFileType = sourcecode.c.h; path = YYTextKeyboardManager.h; sourceTree = "<group>"; };
		F191B66029E161D800365926 /* YYTextKeyboardManager.m */ = {isa = PBXFileReference; lastKnownFileType = sourcecode.c.objc; path = YYTextKeyboardManager.m; sourceTree = "<group>"; };
		F191B66429E161D800365926 /* Kingfisher+Rx.swift */ = {isa = PBXFileReference; lastKnownFileType = sourcecode.swift; path = "Kingfisher+Rx.swift"; sourceTree = "<group>"; };
		F191B66529E161D800365926 /* Observable+Logging.swift */ = {isa = PBXFileReference; lastKnownFileType = sourcecode.swift; path = "Observable+Logging.swift"; sourceTree = "<group>"; };
		F191B66629E161D800365926 /* Observable+Operators.swift */ = {isa = PBXFileReference; lastKnownFileType = sourcecode.swift; path = "Observable+Operators.swift"; sourceTree = "<group>"; };
		F191B66729E161D800365926 /* YuhunComponents+Rx.swift */ = {isa = PBXFileReference; lastKnownFileType = sourcecode.swift; path = "YuhunComponents+Rx.swift"; sourceTree = "<group>"; };
		F191B66929E161D800365926 /* TTDataExtension.swift */ = {isa = PBXFileReference; lastKnownFileType = sourcecode.swift; path = TTDataExtension.swift; sourceTree = "<group>"; };
		F191B66B29E161D800365926 /* TTBoxScreen.swift */ = {isa = PBXFileReference; lastKnownFileType = sourcecode.swift; path = TTBoxScreen.swift; sourceTree = "<group>"; };
		F191B66C29E161D800365926 /* TTUILayoutTool.swift */ = {isa = PBXFileReference; lastKnownFileType = sourcecode.swift; path = TTUILayoutTool.swift; sourceTree = "<group>"; };
		F191B66E29E161D800365926 /* TTDateTool.swift */ = {isa = PBXFileReference; lastKnownFileType = sourcecode.swift; path = TTDateTool.swift; sourceTree = "<group>"; };
		F191B67029E161D800365926 /* ModelExtension.swift */ = {isa = PBXFileReference; lastKnownFileType = sourcecode.swift; path = ModelExtension.swift; sourceTree = "<group>"; };
		F191B67229E161D800365926 /* TTAuthorizer.swift */ = {isa = PBXFileReference; lastKnownFileType = sourcecode.swift; path = TTAuthorizer.swift; sourceTree = "<group>"; };
		F191B67429E161D800365926 /* TTDataTool.swift */ = {isa = PBXFileReference; lastKnownFileType = sourcecode.swift; path = TTDataTool.swift; sourceTree = "<group>"; };
		F191B67629E161D800365926 /* TTDispatchQueue.swift */ = {isa = PBXFileReference; lastKnownFileType = sourcecode.swift; path = TTDispatchQueue.swift; sourceTree = "<group>"; };
		F191B67829E161D800365926 /* TTAppInfo.swift */ = {isa = PBXFileReference; lastKnownFileType = sourcecode.swift; path = TTAppInfo.swift; sourceTree = "<group>"; };
/* End PBXFileReference section */

/* Begin PBXFrameworksBuildPhase section */
		607FACCD1AFB9204008FA782 /* Frameworks */ = {
			isa = PBXFrameworksBuildPhase;
			buildActionMask = 2147483647;
			files = (
				1D5D11A5302E682876E73B93 /* Pods_TTBusinessComponents_Example.framework in Frameworks */,
			);
			runOnlyForDeploymentPostprocessing = 0;
		};
		607FACE21AFB9204008FA782 /* Frameworks */ = {
			isa = PBXFrameworksBuildPhase;
			buildActionMask = 2147483647;
			files = (
				9A938C7AE3B4A5EBFC66A702 /* Pods_TTBusinessComponents_Tests.framework in Frameworks */,
			);
			runOnlyForDeploymentPostprocessing = 0;
		};
/* End PBXFrameworksBuildPhase section */

/* Begin PBXGroup section */
		607FACC71AFB9204008FA782 = {
			isa = PBXGroup;
			children = (
				F191B5AD29E161D700365926 /* TTBox */,
				607FACF51AFB993E008FA782 /* Podspec Metadata */,
				607FACD21AFB9204008FA782 /* Example for TTBusinessComponents */,
				607FACE81AFB9204008FA782 /* Tests */,
				607FACD11AFB9204008FA782 /* Products */,
				8926259D03568F4B2C80B6CA /* Pods */,
				DF57D258BA73FEBCE969253A /* Frameworks */,
			);
			sourceTree = "<group>";
		};
		607FACD11AFB9204008FA782 /* Products */ = {
			isa = PBXGroup;
			children = (
				607FACD01AFB9204008FA782 /* TTBusinessComponents_Example.app */,
				607FACE51AFB9204008FA782 /* TTBusinessComponents_Tests.xctest */,
			);
			name = Products;
			sourceTree = "<group>";
		};
		607FACD21AFB9204008FA782 /* Example for TTBusinessComponents */ = {
			isa = PBXGroup;
			children = (
				607FACD51AFB9204008FA782 /* AppDelegate.swift */,
				607FACD71AFB9204008FA782 /* ViewController.swift */,
				607FACD91AFB9204008FA782 /* Main.storyboard */,
				607FACDC1AFB9204008FA782 /* Images.xcassets */,
				607FACDE1AFB9204008FA782 /* LaunchScreen.xib */,
				607FACD31AFB9204008FA782 /* Supporting Files */,
			);
			name = "Example for TTBusinessComponents";
			path = TTBusinessComponents;
			sourceTree = "<group>";
		};
		607FACD31AFB9204008FA782 /* Supporting Files */ = {
			isa = PBXGroup;
			children = (
				607FACD41AFB9204008FA782 /* Info.plist */,
			);
			name = "Supporting Files";
			sourceTree = "<group>";
		};
		607FACE81AFB9204008FA782 /* Tests */ = {
			isa = PBXGroup;
			children = (
				607FACEB1AFB9204008FA782 /* Tests.swift */,
				607FACE91AFB9204008FA782 /* Supporting Files */,
			);
			path = Tests;
			sourceTree = "<group>";
		};
		607FACE91AFB9204008FA782 /* Supporting Files */ = {
			isa = PBXGroup;
			children = (
				607FACEA1AFB9204008FA782 /* Info.plist */,
			);
			name = "Supporting Files";
			sourceTree = "<group>";
		};
		607FACF51AFB993E008FA782 /* Podspec Metadata */ = {
			isa = PBXGroup;
			children = (
				A28D4F158B7A9B7A2EE9E171 /* TTBusinessComponents.podspec */,
				0908333BDAAF0C15580A1979 /* README.md */,
				779AF8125A101370DCC2E764 /* LICENSE */,
			);
			name = "Podspec Metadata";
			sourceTree = "<group>";
		};
		8926259D03568F4B2C80B6CA /* Pods */ = {
			isa = PBXGroup;
			children = (
				B37016DA109801E70E2F78E4 /* Pods-TTBusinessComponents_Example.debug.xcconfig */,
				29E86139F948A124D29B80AF /* Pods-TTBusinessComponents_Example.release.xcconfig */,
				12728A665B26D79836049B6A /* Pods-TTBusinessComponents_Tests.debug.xcconfig */,
				62FAF268B046ADFAD7DD5C84 /* Pods-TTBusinessComponents_Tests.release.xcconfig */,
			);
			path = Pods;
			sourceTree = "<group>";
		};
		DF57D258BA73FEBCE969253A /* Frameworks */ = {
			isa = PBXGroup;
			children = (
				B22545B4CB39718B06AC72C6 /* Pods_TTBusinessComponents_Example.framework */,
				2FE2DD785E13C61632132DBE /* Pods_TTBusinessComponents_Tests.framework */,
			);
			name = Frameworks;
			sourceTree = "<group>";
		};
		F191B5AD29E161D700365926 /* TTBox */ = {
			isa = PBXGroup;
			children = (
				F191B5AE29E161D700365926 /* UI */,
				F191B62D29E161D800365926 /* Net */,
				F191B63529E161D800365926 /* Function */,
				F191B65829E161D800365926 /* README.md */,
				F191B65929E161D800365926 /* TTConfig.swift */,
				F191B65A29E161D800365926 /* TTBox.swift */,
				F191B65B29E161D800365926 /* ThirdParty */,
				F191B66129E161D800365926 /* Tool */,
			);
			name = TTBox;
			path = ../../../TTBox;
			sourceTree = "<group>";
		};
		F191B5AE29E161D700365926 /* UI */ = {
			isa = PBXGroup;
			children = (
				F191B5AF29E161D700365926 /* Core */,
				F191B5D829E161D700365926 /* Extension */,
				F191B5F229E161D700365926 /* Components */,
				F191B62729E161D800365926 /* Theme */,
				F191B62A29E161D800365926 /* Resource */,
			);
			path = UI;
			sourceTree = "<group>";
		};
		F191B5AF29E161D700365926 /* Core */ = {
			isa = PBXGroup;
			children = (
				F191B5B029E161D700365926 /* TTViewController */,
				F191B5B529E161D700365926 /* TTStackView */,
				F191B5B729E161D700365926 /* TTCollectionViewController */,
				F191B5C229E161D700365926 /* TTControll */,
				F191B5C429E161D700365926 /* TTTextView */,
				F191B5C729E161D700365926 /* TTTextFiled */,
				F191B5CA29E161D700365926 /* TTTableViewController */,
			);
			path = Core;
			sourceTree = "<group>";
		};
		F191B5B029E161D700365926 /* TTViewController */ = {
			isa = PBXGroup;
			children = (
				F191B5B129E161D700365926 /* ViewModel */,
				F191B5B329E161D700365926 /* TTView.swift */,
				F191B5B429E161D700365926 /* TTViewController.swift */,
			);
			path = TTViewController;
			sourceTree = "<group>";
		};
		F191B5B129E161D700365926 /* ViewModel */ = {
			isa = PBXGroup;
			children = (
				F191B5B229E161D700365926 /* TTViewModel.swift */,
			);
			path = ViewModel;
			sourceTree = "<group>";
		};
		F191B5B529E161D700365926 /* TTStackView */ = {
			isa = PBXGroup;
			children = (
				F191B5B629E161D700365926 /* TTStackView.swift */,
			);
			path = TTStackView;
			sourceTree = "<group>";
		};
		F191B5B729E161D700365926 /* TTCollectionViewController */ = {
			isa = PBXGroup;
			children = (
				F191B5B829E161D700365926 /* ViewModel */,
				F191B5BA29E161D700365926 /* View */,
				F191B5C029E161D700365926 /* ViewController */,
			);
			path = TTCollectionViewController;
			sourceTree = "<group>";
		};
		F191B5B829E161D700365926 /* ViewModel */ = {
			isa = PBXGroup;
			children = (
				F191B5B929E161D700365926 /* TTCollectionViewModel.swift */,
			);
			path = ViewModel;
			sourceTree = "<group>";
		};
		F191B5BA29E161D700365926 /* View */ = {
			isa = PBXGroup;
			children = (
				F191B5BB29E161D700365926 /* TTCollectionViewCellViewModel.swift */,
				F191B5BC29E161D700365926 /* TTCollectionViewCell.xib */,
				F191B5BD29E161D700365926 /* TTCollectionView.swift */,
				F191B5BE29E161D700365926 /* TTCollectionViewPhotoCell.swift */,
				F191B5BF29E161D700365926 /* TTCollectionViewCell.swift */,
			);
			path = View;
			sourceTree = "<group>";
		};
		F191B5C029E161D700365926 /* ViewController */ = {
			isa = PBXGroup;
			children = (
				F191B5C129E161D700365926 /* TTCollectionViewController.swift */,
			);
			path = ViewController;
			sourceTree = "<group>";
		};
		F191B5C229E161D700365926 /* TTControll */ = {
			isa = PBXGroup;
			children = (
				F191B5C329E161D700365926 /* TTControll.swift */,
			);
			path = TTControll;
			sourceTree = "<group>";
		};
		F191B5C429E161D700365926 /* TTTextView */ = {
			isa = PBXGroup;
			children = (
				F191B5C529E161D700365926 /* TTTextView.swift */,
				F191B5C629E161D700365926 /* TTTextConfigure.swift */,
			);
			path = TTTextView;
			sourceTree = "<group>";
		};
		F191B5C729E161D700365926 /* TTTextFiled */ = {
			isa = PBXGroup;
			children = (
				F191B5C829E161D700365926 /* TTCustomTextFiledContainer.swift */,
				F191B5C929E161D700365926 /* TTTextFiled.swift */,
			);
			path = TTTextFiled;
			sourceTree = "<group>";
		};
		F191B5CA29E161D700365926 /* TTTableViewController */ = {
			isa = PBXGroup;
			children = (
				F191B5CB29E161D700365926 /* ViewModel */,
				F191B5CD29E161D700365926 /* Protocol */,
				F191B5CF29E161D700365926 /* Controller */,
				F191B5D129E161D700365926 /* View */,
			);
			path = TTTableViewController;
			sourceTree = "<group>";
		};
		F191B5CB29E161D700365926 /* ViewModel */ = {
			isa = PBXGroup;
			children = (
				F191B5CC29E161D700365926 /* TTTableViewViewModel.swift */,
			);
			path = ViewModel;
			sourceTree = "<group>";
		};
		F191B5CD29E161D700365926 /* Protocol */ = {
			isa = PBXGroup;
			children = (
				F191B5CE29E161D700365926 /* TTRefreshPotocol.swift */,
			);
			path = Protocol;
			sourceTree = "<group>";
		};
		F191B5CF29E161D700365926 /* Controller */ = {
			isa = PBXGroup;
			children = (
				F191B5D029E161D700365926 /* TTTableViewController.swift */,
			);
			path = Controller;
			sourceTree = "<group>";
		};
		F191B5D129E161D700365926 /* View */ = {
			isa = PBXGroup;
			children = (
				F191B5D229E161D700365926 /* TTTableViewSectionTitleView.swift */,
				F191B5D329E161D700365926 /* TTTableView.swift */,
				F191B5D429E161D700365926 /* EmptyTableView.swift */,
				F191B5D529E161D700365926 /* Cell */,
			);
			path = View;
			sourceTree = "<group>";
		};
		F191B5D529E161D700365926 /* Cell */ = {
			isa = PBXGroup;
			children = (
				F191B5D629E161D700365926 /* TTTableViewCellViewModel.swift */,
				F191B5D729E161D700365926 /* TTTableViewCell.swift */,
			);
			path = Cell;
			sourceTree = "<group>";
		};
		F191B5D829E161D700365926 /* Extension */ = {
			isa = PBXGroup;
			children = (
				F191B5D929E161D700365926 /* ImageView */,
				F191B5DB29E161D700365926 /* TextView&TextFiled */,
				F191B5DE29E161D700365926 /* Label */,
				F191B5E229E161D700365926 /* ViewConroller */,
				F191B5E429E161D700365926 /* Image */,
				F191B5E629E161D700365926 /* Common */,
				F191B5E829E161D700365926 /* SnapKitExtension */,
				F191B5EA29E161D700365926 /* Button */,
				F191B5EC29E161D700365926 /* View */,
				F191B5EE29E161D700365926 /* String */,
				F191B5F029E161D700365926 /* Font */,
			);
			path = Extension;
			sourceTree = "<group>";
		};
		F191B5D929E161D700365926 /* ImageView */ = {
			isa = PBXGroup;
			children = (
				F191B5DA29E161D700365926 /* TTImageViewExtension.swift */,
			);
			path = ImageView;
			sourceTree = "<group>";
		};
		F191B5DB29E161D700365926 /* TextView&TextFiled */ = {
			isa = PBXGroup;
			children = (
				F191B5DC29E161D700365926 /* TTTextViewExtension.swift */,
				F191B5DD29E161D700365926 /* TTTextFiledExtension.swift */,
			);
			path = "TextView&TextFiled";
			sourceTree = "<group>";
		};
		F191B5DE29E161D700365926 /* Label */ = {
			isa = PBXGroup;
			children = (
				F191B5DF29E161D700365926 /* UILabel+TTLabelOCCategory.h */,
				F191B5E029E161D700365926 /* TTLabelExtension.swift */,
				F191B5E129E161D700365926 /* UILabel+TTLabelOCCategory.m */,
			);
			path = Label;
			sourceTree = "<group>";
		};
		F191B5E229E161D700365926 /* ViewConroller */ = {
			isa = PBXGroup;
			children = (
				F191B5E329E161D700365926 /* TTContollerExtention.swift */,
			);
			path = ViewConroller;
			sourceTree = "<group>";
		};
		F191B5E429E161D700365926 /* Image */ = {
			isa = PBXGroup;
			children = (
				F191B5E529E161D700365926 /* TTImageExtension.swift */,
			);
			path = Image;
			sourceTree = "<group>";
		};
		F191B5E629E161D700365926 /* Common */ = {
			isa = PBXGroup;
			children = (
				F191B5E729E161D700365926 /* TTCommonUIExtension.swift */,
			);
			path = Common;
			sourceTree = "<group>";
		};
		F191B5E829E161D700365926 /* SnapKitExtension */ = {
			isa = PBXGroup;
			children = (
				F191B5E929E161D700365926 /* SnapKitExtension.swift */,
			);
			path = SnapKitExtension;
			sourceTree = "<group>";
		};
		F191B5EA29E161D700365926 /* Button */ = {
			isa = PBXGroup;
			children = (
				F191B5EB29E161D700365926 /* TTButtonExtension.swift */,
			);
			path = Button;
			sourceTree = "<group>";
		};
		F191B5EC29E161D700365926 /* View */ = {
			isa = PBXGroup;
			children = (
				F191B5ED29E161D700365926 /* TTViewExtension.swift */,
			);
			path = View;
			sourceTree = "<group>";
		};
		F191B5EE29E161D700365926 /* String */ = {
			isa = PBXGroup;
			children = (
				F191B5EF29E161D700365926 /* TTStringExtension.swift */,
			);
			path = String;
			sourceTree = "<group>";
		};
		F191B5F029E161D700365926 /* Font */ = {
			isa = PBXGroup;
			children = (
				F191B5F129E161D700365926 /* TTFontExtension.swift */,
			);
			path = Font;
			sourceTree = "<group>";
		};
		F191B5F229E161D700365926 /* Components */ = {
			isa = PBXGroup;
			children = (
				F191B5F329E161D700365926 /* TTVerticleIconTextItem.swift */,
				F191B5F429E161D700365926 /* TTGirdView */,
				F191B5F629E161D700365926 /* TTTouchMoveView.swift */,
				F191B5F729E161D700365926 /* TTControllSectedItem */,
				F191B5F929E161D700365926 /* TTTabbarController */,
				F191B60029E161D700365926 /* TTPicker */,
				F191B60229E161D700365926 /* TTCarousel */,
				F191B60529E161D700365926 /* TTCustomTextContainerView */,
				F191B60729E161D700365926 /* TTBadge */,
				F191B60929E161D700365926 /* TTAutoSizeView */,
				F191B60B29E161D800365926 /* TTButton */,
				F191B60D29E161D800365926 /* TTStaticList */,
				F191B61329E161D800365926 /* TTWebViewController */,
				F191B61529E161D800365926 /* TTUserHeader */,
				F191B61729E161D800365926 /* TTElevatorView */,
				F191B61929E161D800365926 /* TTSearchBar.swift */,
				F191B61A29E161D800365926 /* TTSingleTypeCellFormTableView.swift */,
				F191B61B29E161D800365926 /* TTAddPhotoBanner */,
				F191B61E29E161D800365926 /* TTAutoRefreshTableViewController */,
				F191B62029E161D800365926 /* TTAlert */,
				F191B62429E161D800365926 /* TTChatInputView */,
			);
			path = Components;
			sourceTree = "<group>";
		};
		F191B5F429E161D700365926 /* TTGirdView */ = {
			isa = PBXGroup;
			children = (
				F191B5F529E161D700365926 /* TTGridView.swift */,
			);
			path = TTGirdView;
			sourceTree = "<group>";
		};
		F191B5F729E161D700365926 /* TTControllSectedItem */ = {
			isa = PBXGroup;
			children = (
				F191B5F829E161D700365926 /* TTControllSelectBar.swift */,
			);
			path = TTControllSectedItem;
			sourceTree = "<group>";
		};
		F191B5F929E161D700365926 /* TTTabbarController */ = {
			isa = PBXGroup;
			children = (
				F191B5FA29E161D700365926 /* View */,
				F191B5FE29E161D700365926 /* ViewController */,
			);
			path = TTTabbarController;
			sourceTree = "<group>";
		};
		F191B5FA29E161D700365926 /* View */ = {
			isa = PBXGroup;
			children = (
				F191B5FB29E161D700365926 /* TTTbbarItemTuberView.swift */,
				F191B5FC29E161D700365926 /* TTTabbar.swift */,
				F191B5FD29E161D700365926 /* TTTabbarItem.swift */,
			);
			path = View;
			sourceTree = "<group>";
		};
		F191B5FE29E161D700365926 /* ViewController */ = {
			isa = PBXGroup;
			children = (
				F191B5FF29E161D700365926 /* TTTabbarViewController.swift */,
			);
			path = ViewController;
			sourceTree = "<group>";
		};
		F191B60029E161D700365926 /* TTPicker */ = {
			isa = PBXGroup;
			children = (
				F191B60129E161D700365926 /* TTPicker.swift */,
			);
			path = TTPicker;
			sourceTree = "<group>";
		};
		F191B60229E161D700365926 /* TTCarousel */ = {
			isa = PBXGroup;
			children = (
				F191B60329E161D700365926 /* TTCarousel.swift */,
				F191B60429E161D700365926 /* TTPageControll.swift */,
			);
			path = TTCarousel;
			sourceTree = "<group>";
		};
		F191B60529E161D700365926 /* TTCustomTextContainerView */ = {
			isa = PBXGroup;
			children = (
				F191B60629E161D700365926 /* TTCustomTextContainerView.swift */,
			);
			path = TTCustomTextContainerView;
			sourceTree = "<group>";
		};
		F191B60729E161D700365926 /* TTBadge */ = {
			isa = PBXGroup;
			children = (
				F191B60829E161D700365926 /* TTBadge.swift */,
			);
			path = TTBadge;
			sourceTree = "<group>";
		};
		F191B60929E161D700365926 /* TTAutoSizeView */ = {
			isa = PBXGroup;
			children = (
				F191B60A29E161D700365926 /* TTAutoSizeView.swift */,
			);
			path = TTAutoSizeView;
			sourceTree = "<group>";
		};
		F191B60B29E161D800365926 /* TTButton */ = {
			isa = PBXGroup;
			children = (
				F191B60C29E161D800365926 /* TTButton.swift */,
			);
			path = TTButton;
			sourceTree = "<group>";
		};
		F191B60D29E161D800365926 /* TTStaticList */ = {
			isa = PBXGroup;
			children = (
				F191B60E29E161D800365926 /* TTTableViewStaticListModel.swift */,
				F191B60F29E161D800365926 /* TTStaticList.swift */,
				F191B61029E161D800365926 /* TTStaticRow.swift */,
				F191B61129E161D800365926 /* TTStaticSectionHeaderFooter.swift */,
				F191B61229E161D800365926 /* TTStaticListController.swift */,
			);
			path = TTStaticList;
			sourceTree = "<group>";
		};
		F191B61329E161D800365926 /* TTWebViewController */ = {
			isa = PBXGroup;
			children = (
				F191B61429E161D800365926 /* TTWebViewController.swift */,
			);
			path = TTWebViewController;
			sourceTree = "<group>";
		};
		F191B61529E161D800365926 /* TTUserHeader */ = {
			isa = PBXGroup;
			children = (
				F191B61629E161D800365926 /* TTProfileHeader.swift */,
			);
			path = TTUserHeader;
			sourceTree = "<group>";
		};
		F191B61729E161D800365926 /* TTElevatorView */ = {
			isa = PBXGroup;
			children = (
				F191B61829E161D800365926 /* TTElevatorView.swift */,
			);
			path = TTElevatorView;
			sourceTree = "<group>";
		};
		F191B61B29E161D800365926 /* TTAddPhotoBanner */ = {
			isa = PBXGroup;
			children = (
				F191B61C29E161D800365926 /* TTAddPhotoBanner1.swift */,
				F191B61D29E161D800365926 /* TTAddPhotoBanner.swift */,
			);
			path = TTAddPhotoBanner;
			sourceTree = "<group>";
		};
		F191B61E29E161D800365926 /* TTAutoRefreshTableViewController */ = {
			isa = PBXGroup;
			children = (
				F191B61F29E161D800365926 /* TTAutoRefreshTableViewController.swift */,
			);
			path = TTAutoRefreshTableViewController;
			sourceTree = "<group>";
		};
		F191B62029E161D800365926 /* TTAlert */ = {
			isa = PBXGroup;
			children = (
				F191B62129E161D800365926 /* TTAlertConfig.swift */,
				F191B62229E161D800365926 /* TTCustomAlert.swift */,
				F191B62329E161D800365926 /* TTAlert.swift */,
			);
			path = TTAlert;
			sourceTree = "<group>";
		};
		F191B62429E161D800365926 /* TTChatInputView */ = {
			isa = PBXGroup;
			children = (
				F191B62529E161D800365926 /* TTChatInputContainer.swift */,
				F191B62629E161D800365926 /* TTChatInputView.swift */,
			);
			path = TTChatInputView;
			sourceTree = "<group>";
		};
		F191B62729E161D800365926 /* Theme */ = {
			isa = PBXGroup;
			children = (
				F191B62829E161D800365926 /* Color */,
			);
			path = Theme;
			sourceTree = "<group>";
		};
		F191B62829E161D800365926 /* Color */ = {
			isa = PBXGroup;
			children = (
				F191B62929E161D800365926 /* TTBoxColor.swift */,
			);
			path = Color;
			sourceTree = "<group>";
		};
		F191B62A29E161D800365926 /* Resource */ = {
			isa = PBXGroup;
			children = (
				F191B62B29E161D800365926 /* Emoji.plist */,
				F191B62C29E161D800365926 /* TTResource.xcassets */,
			);
			path = Resource;
			sourceTree = "<group>";
		};
		F191B62D29E161D800365926 /* Net */ = {
			isa = PBXGroup;
			children = (
				F191B62E29E161D800365926 /* TTNetManager.swift */,
				F191B62F29E161D800365926 /* TTNet.swift */,
				F191B63029E161D800365926 /* TTNetTool.swift */,
				F191B63129E161D800365926 /* InterceptorAndAuthenticator */,
				F191B63429E161D800365926 /* TTNetModel.swift */,
			);
			path = Net;
			sourceTree = "<group>";
		};
		F191B63129E161D800365926 /* InterceptorAndAuthenticator */ = {
			isa = PBXGroup;
			children = (
				F191B63229E161D800365926 /* TTNetInterceptor.swift */,
				F191B63329E161D800365926 /* TTAuthenticator.swift */,
			);
			path = InterceptorAndAuthenticator;
			sourceTree = "<group>";
		};
		F191B63529E161D800365926 /* Function */ = {
			isa = PBXGroup;
			children = (
				F191B63629E161D800365926 /* TTNormalCarousel */,
				F191B63829E161D800365926 /* Animate */,
				F191B63A29E161D800365926 /* ThirdLogin */,
				F191B63D29E161D800365926 /* TTCalendar */,
				F191B63F29E161D800365926 /* Marquee */,
				F191B64129E161D800365926 /* Evaluate */,
				F191B64329E161D800365926 /* TTDevice */,
				F191B64529E161D800365926 /* TTGuesture */,
				F191B64729E161D800365926 /* Photo */,
				F191B64B29E161D800365926 /* TTTimer */,
				F191B64D29E161D800365926 /* Debug */,
				F191B65329E161D800365926 /* HUD */,
				F191B65729E161D800365926 /* TTKeyboardManager.swift */,
			);
			path = Function;
			sourceTree = "<group>";
		};
		F191B63629E161D800365926 /* TTNormalCarousel */ = {
			isa = PBXGroup;
			children = (
				F191B63729E161D800365926 /* TTNormalCarousel.swift */,
			);
			path = TTNormalCarousel;
			sourceTree = "<group>";
		};
		F191B63829E161D800365926 /* Animate */ = {
			isa = PBXGroup;
			children = (
				F191B63929E161D800365926 /* TTAnimate.swift */,
			);
			path = Animate;
			sourceTree = "<group>";
		};
		F191B63A29E161D800365926 /* ThirdLogin */ = {
			isa = PBXGroup;
			children = (
				F191B63B29E161D800365926 /* Wechat */,
			);
			path = ThirdLogin;
			sourceTree = "<group>";
		};
		F191B63B29E161D800365926 /* Wechat */ = {
			isa = PBXGroup;
			children = (
				F191B63C29E161D800365926 /* TTWeChatTool.swift */,
			);
			path = Wechat;
			sourceTree = "<group>";
		};
		F191B63D29E161D800365926 /* TTCalendar */ = {
			isa = PBXGroup;
			children = (
				F191B63E29E161D800365926 /* TTCalendarReminder.swift */,
			);
			path = TTCalendar;
			sourceTree = "<group>";
		};
		F191B63F29E161D800365926 /* Marquee */ = {
			isa = PBXGroup;
			children = (
				F191B64029E161D800365926 /* TTMarqueeView.swift */,
			);
			path = Marquee;
			sourceTree = "<group>";
		};
		F191B64129E161D800365926 /* Evaluate */ = {
			isa = PBXGroup;
			children = (
				F191B64229E161D800365926 /* TTStoreEvaluateManager.swift */,
			);
			path = Evaluate;
			sourceTree = "<group>";
		};
		F191B64329E161D800365926 /* TTDevice */ = {
			isa = PBXGroup;
			children = (
				F191B64429E161D800365926 /* TTDevice.swift */,
			);
			path = TTDevice;
			sourceTree = "<group>";
		};
		F191B64529E161D800365926 /* TTGuesture */ = {
			isa = PBXGroup;
			children = (
				F191B64629E161D800365926 /* TTPanActionHelper.swift */,
			);
			path = TTGuesture;
			sourceTree = "<group>";
		};
		F191B64729E161D800365926 /* Photo */ = {
			isa = PBXGroup;
			children = (
				F191B64829E161D800365926 /* TTPhotoManager.swift */,
				F191B64929E161D800365926 /* TTImageBrowser */,
			);
			path = Photo;
			sourceTree = "<group>";
		};
		F191B64929E161D800365926 /* TTImageBrowser */ = {
			isa = PBXGroup;
			children = (
				F191B64A29E161D800365926 /* TTImageBrowser.swift */,
			);
			path = TTImageBrowser;
			sourceTree = "<group>";
		};
		F191B64B29E161D800365926 /* TTTimer */ = {
			isa = PBXGroup;
			children = (
				F191B64C29E161D800365926 /* TTTimer.swift */,
			);
			path = TTTimer;
			sourceTree = "<group>";
		};
		F191B64D29E161D800365926 /* Debug */ = {
			isa = PBXGroup;
			children = (
				F191B64E29E161D800365926 /* TTDebubgerViewController.swift */,
				F191B64F29E161D800365926 /* YYFPSLabel.h */,
				F191B65029E161D800365926 /* TTDebugger.swift */,
				F191B65129E161D800365926 /* YYFPSLabel.m */,
				F191B65229E161D800365926 /* TTEnvironmentManager.swift */,
			);
			path = Debug;
			sourceTree = "<group>";
		};
		F191B65329E161D800365926 /* HUD */ = {
			isa = PBXGroup;
			children = (
				F191B65429E161D800365926 /* TTSVIndefiniteAnimatedView.m */,
				F191B65529E161D800365926 /* TTHUD.swift */,
				F191B65629E161D800365926 /* TTSVIndefiniteAnimatedView.h */,
			);
			path = HUD;
			sourceTree = "<group>";
		};
		F191B65B29E161D800365926 /* ThirdParty */ = {
			isa = PBXGroup;
			children = (
				F191B65C29E161D800365926 /* RxErrorTracker */,
				F191B65E29E161D800365926 /* YYKitPart */,
			);
			path = ThirdParty;
			sourceTree = "<group>";
		};
		F191B65C29E161D800365926 /* RxErrorTracker */ = {
			isa = PBXGroup;
			children = (
				F191B65D29E161D800365926 /* ErrorTracker.swift */,
			);
			path = RxErrorTracker;
			sourceTree = "<group>";
		};
		F191B65E29E161D800365926 /* YYKitPart */ = {
			isa = PBXGroup;
			children = (
				F191B65F29E161D800365926 /* YYTextKeyboardManager.h */,
				F191B66029E161D800365926 /* YYTextKeyboardManager.m */,
			);
			path = YYKitPart;
			sourceTree = "<group>";
		};
		F191B66129E161D800365926 /* Tool */ = {
			isa = PBXGroup;
			children = (
				F191B66229E161D800365926 /* Extension */,
				F191B66A29E161D800365926 /* Layout */,
				F191B66D29E161D800365926 /* Date */,
				F191B66F29E161D800365926 /* Model */,
				F191B67129E161D800365926 /* Authorization */,
				F191B67329E161D800365926 /* Data */,
				F191B67529E161D800365926 /* Thread */,
				F191B67729E161D800365926 /* AppInfo */,
			);
			path = Tool;
			sourceTree = "<group>";
		};
		F191B66229E161D800365926 /* Extension */ = {
			isa = PBXGroup;
			children = (
				F191B66329E161D800365926 /* RxSwift */,
				F191B66829E161D800365926 /* Data */,
			);
			path = Extension;
			sourceTree = "<group>";
		};
		F191B66329E161D800365926 /* RxSwift */ = {
			isa = PBXGroup;
			children = (
				F191B66429E161D800365926 /* Kingfisher+Rx.swift */,
				F191B66529E161D800365926 /* Observable+Logging.swift */,
				F191B66629E161D800365926 /* Observable+Operators.swift */,
				F191B66729E161D800365926 /* YuhunComponents+Rx.swift */,
			);
			path = RxSwift;
			sourceTree = "<group>";
		};
		F191B66829E161D800365926 /* Data */ = {
			isa = PBXGroup;
			children = (
				F191B66929E161D800365926 /* TTDataExtension.swift */,
			);
			path = Data;
			sourceTree = "<group>";
		};
		F191B66A29E161D800365926 /* Layout */ = {
			isa = PBXGroup;
			children = (
				F191B66B29E161D800365926 /* TTBoxScreen.swift */,
				F191B66C29E161D800365926 /* TTUILayoutTool.swift */,
			);
			path = Layout;
			sourceTree = "<group>";
		};
		F191B66D29E161D800365926 /* Date */ = {
			isa = PBXGroup;
			children = (
				F191B66E29E161D800365926 /* TTDateTool.swift */,
			);
			path = Date;
			sourceTree = "<group>";
		};
		F191B66F29E161D800365926 /* Model */ = {
			isa = PBXGroup;
			children = (
				F191B67029E161D800365926 /* ModelExtension.swift */,
			);
			path = Model;
			sourceTree = "<group>";
		};
		F191B67129E161D800365926 /* Authorization */ = {
			isa = PBXGroup;
			children = (
				F191B67229E161D800365926 /* TTAuthorizer.swift */,
			);
			path = Authorization;
			sourceTree = "<group>";
		};
		F191B67329E161D800365926 /* Data */ = {
			isa = PBXGroup;
			children = (
				F191B67429E161D800365926 /* TTDataTool.swift */,
			);
			path = Data;
			sourceTree = "<group>";
		};
		F191B67529E161D800365926 /* Thread */ = {
			isa = PBXGroup;
			children = (
				F191B67629E161D800365926 /* TTDispatchQueue.swift */,
			);
			path = Thread;
			sourceTree = "<group>";
		};
		F191B67729E161D800365926 /* AppInfo */ = {
			isa = PBXGroup;
			children = (
				F191B67829E161D800365926 /* TTAppInfo.swift */,
			);
			path = AppInfo;
			sourceTree = "<group>";
		};
/* End PBXGroup section */

/* Begin PBXNativeTarget section */
		607FACCF1AFB9204008FA782 /* TTBusinessComponents_Example */ = {
			isa = PBXNativeTarget;
			buildConfigurationList = 607FACEF1AFB9204008FA782 /* Build configuration list for PBXNativeTarget "TTBusinessComponents_Example" */;
			buildPhases = (
				C9A1AEF3A9B59B4639B40349 /* [CP] Check Pods Manifest.lock */,
				607FACCC1AFB9204008FA782 /* Sources */,
				607FACCD1AFB9204008FA782 /* Frameworks */,
				607FACCE1AFB9204008FA782 /* Resources */,
				9B3BDC2B207EF393F9914A27 /* [CP] Embed Pods Frameworks */,
			);
			buildRules = (
			);
			dependencies = (
			);
			name = TTBusinessComponents_Example;
			productName = TTBusinessComponents;
			productReference = 607FACD01AFB9204008FA782 /* TTBusinessComponents_Example.app */;
			productType = "com.apple.product-type.application";
		};
		607FACE41AFB9204008FA782 /* TTBusinessComponents_Tests */ = {
			isa = PBXNativeTarget;
			buildConfigurationList = 607FACF21AFB9204008FA782 /* Build configuration list for PBXNativeTarget "TTBusinessComponents_Tests" */;
			buildPhases = (
				78C38DA43B4C8047F1D851F8 /* [CP] Check Pods Manifest.lock */,
				607FACE11AFB9204008FA782 /* Sources */,
				607FACE21AFB9204008FA782 /* Frameworks */,
				607FACE31AFB9204008FA782 /* Resources */,
			);
			buildRules = (
			);
			dependencies = (
				607FACE71AFB9204008FA782 /* PBXTargetDependency */,
			);
			name = TTBusinessComponents_Tests;
			productName = Tests;
			productReference = 607FACE51AFB9204008FA782 /* TTBusinessComponents_Tests.xctest */;
			productType = "com.apple.product-type.bundle.unit-test";
		};
/* End PBXNativeTarget section */

/* Begin PBXProject section */
		607FACC81AFB9204008FA782 /* Project object */ = {
			isa = PBXProject;
			attributes = {
				LastSwiftUpdateCheck = 0830;
				LastUpgradeCheck = 0830;
				ORGANIZATIONNAME = CocoaPods;
				TargetAttributes = {
					607FACCF1AFB9204008FA782 = {
						CreatedOnToolsVersion = 6.3.1;
						DevelopmentTeam = VG9RN5B3S9;
						LastSwiftMigration = 0900;
					};
					607FACE41AFB9204008FA782 = {
						CreatedOnToolsVersion = 6.3.1;
						DevelopmentTeam = VG9RN5B3S9;
						LastSwiftMigration = 0900;
						TestTargetID = 607FACCF1AFB9204008FA782;
					};
				};
			};
			buildConfigurationList = 607FACCB1AFB9204008FA782 /* Build configuration list for PBXProject "TTBusinessComponents" */;
			compatibilityVersion = "Xcode 3.2";
			developmentRegion = English;
			hasScannedForEncodings = 0;
			knownRegions = (
				English,
				en,
				Base,
			);
			mainGroup = 607FACC71AFB9204008FA782;
			productRefGroup = 607FACD11AFB9204008FA782 /* Products */;
			projectDirPath = "";
			projectRoot = "";
			targets = (
				607FACCF1AFB9204008FA782 /* TTBusinessComponents_Example */,
				607FACE41AFB9204008FA782 /* TTBusinessComponents_Tests */,
			);
		};
/* End PBXProject section */

/* Begin PBXResourcesBuildPhase section */
		607FACCE1AFB9204008FA782 /* Resources */ = {
			isa = PBXResourcesBuildPhase;
			buildActionMask = 2147483647;
			files = (
				607FACDB1AFB9204008FA782 /* Main.storyboard in Resources */,
				607FACE01AFB9204008FA782 /* LaunchScreen.xib in Resources */,
				607FACDD1AFB9204008FA782 /* Images.xcassets in Resources */,
			);
			runOnlyForDeploymentPostprocessing = 0;
		};
		607FACE31AFB9204008FA782 /* Resources */ = {
			isa = PBXResourcesBuildPhase;
			buildActionMask = 2147483647;
			files = (
			);
			runOnlyForDeploymentPostprocessing = 0;
		};
/* End PBXResourcesBuildPhase section */

/* Begin PBXShellScriptBuildPhase section */
		78C38DA43B4C8047F1D851F8 /* [CP] Check Pods Manifest.lock */ = {
			isa = PBXShellScriptBuildPhase;
			buildActionMask = 2147483647;
			files = (
			);
			inputFileListPaths = (
			);
			inputPaths = (
				"${PODS_PODFILE_DIR_PATH}/Podfile.lock",
				"${PODS_ROOT}/Manifest.lock",
			);
			name = "[CP] Check Pods Manifest.lock";
			outputFileListPaths = (
			);
			outputPaths = (
				"$(DERIVED_FILE_DIR)/Pods-TTBusinessComponents_Tests-checkManifestLockResult.txt",
			);
			runOnlyForDeploymentPostprocessing = 0;
			shellPath = /bin/sh;
			shellScript = "diff \"${PODS_PODFILE_DIR_PATH}/Podfile.lock\" \"${PODS_ROOT}/Manifest.lock\" > /dev/null\nif [ $? != 0 ] ; then\n    # print error to STDERR\n    echo \"error: The sandbox is not in sync with the Podfile.lock. Run 'pod install' or update your CocoaPods installation.\" >&2\n    exit 1\nfi\n# This output is used by Xcode 'outputs' to avoid re-running this script phase.\necho \"SUCCESS\" > \"${SCRIPT_OUTPUT_FILE_0}\"\n";
			showEnvVarsInLog = 0;
		};
		9B3BDC2B207EF393F9914A27 /* [CP] Embed Pods Frameworks */ = {
			isa = PBXShellScriptBuildPhase;
			buildActionMask = 2147483647;
			files = (
			);
			inputPaths = (
				"${PODS_ROOT}/Target Support Files/Pods-TTBusinessComponents_Example/Pods-TTBusinessComponents_Example-frameworks.sh",
				"${BUILT_PRODUCTS_DIR}/ActiveLabel/ActiveLabel.framework",
				"${BUILT_PRODUCTS_DIR}/FDFullscreenPopGesture/FDFullscreenPopGesture.framework",
				"${BUILT_PRODUCTS_DIR}/HandyJSON/HandyJSON.framework",
				"${BUILT_PRODUCTS_DIR}/IQKeyboardManagerSwift/IQKeyboardManagerSwift.framework",
				"${BUILT_PRODUCTS_DIR}/Kingfisher/Kingfisher.framework",
				"${BUILT_PRODUCTS_DIR}/LookinServer/LookinServer.framework",
				"${BUILT_PRODUCTS_DIR}/MJRefresh/MJRefresh.framework",
				"${BUILT_PRODUCTS_DIR}/NSObject+Rx/NSObject_Rx.framework",
				"${BUILT_PRODUCTS_DIR}/ReachabilitySwift/Reachability.framework",
				"${BUILT_PRODUCTS_DIR}/RxCocoa/RxCocoa.framework",
				"${BUILT_PRODUCTS_DIR}/RxGesture/RxGesture.framework",
				"${BUILT_PRODUCTS_DIR}/RxOptional/RxOptional.framework",
				"${BUILT_PRODUCTS_DIR}/RxRelay/RxRelay.framework",
				"${BUILT_PRODUCTS_DIR}/RxSwift/RxSwift.framework",
				"${BUILT_PRODUCTS_DIR}/SnapKit/SnapKit.framework",
				"${BUILT_PRODUCTS_DIR}/TTAssistKit/TTAssistKit.framework",
				"${BUILT_PRODUCTS_DIR}/TTBusinessComponents/TTBusinessComponents.framework",
				"${BUILT_PRODUCTS_DIR}/TTUIKit/TTUIKit.framework",
			);
			name = "[CP] Embed Pods Frameworks";
			outputPaths = (
				"${TARGET_BUILD_DIR}/${FRAMEWORKS_FOLDER_PATH}/ActiveLabel.framework",
				"${TARGET_BUILD_DIR}/${FRAMEWORKS_FOLDER_PATH}/FDFullscreenPopGesture.framework",
				"${TARGET_BUILD_DIR}/${FRAMEWORKS_FOLDER_PATH}/HandyJSON.framework",
				"${TARGET_BUILD_DIR}/${FRAMEWORKS_FOLDER_PATH}/IQKeyboardManagerSwift.framework",
				"${TARGET_BUILD_DIR}/${FRAMEWORKS_FOLDER_PATH}/Kingfisher.framework",
				"${TARGET_BUILD_DIR}/${FRAMEWORKS_FOLDER_PATH}/LookinServer.framework",
				"${TARGET_BUILD_DIR}/${FRAMEWORKS_FOLDER_PATH}/MJRefresh.framework",
				"${TARGET_BUILD_DIR}/${FRAMEWORKS_FOLDER_PATH}/NSObject_Rx.framework",
				"${TARGET_BUILD_DIR}/${FRAMEWORKS_FOLDER_PATH}/Reachability.framework",
				"${TARGET_BUILD_DIR}/${FRAMEWORKS_FOLDER_PATH}/RxCocoa.framework",
				"${TARGET_BUILD_DIR}/${FRAMEWORKS_FOLDER_PATH}/RxGesture.framework",
				"${TARGET_BUILD_DIR}/${FRAMEWORKS_FOLDER_PATH}/RxOptional.framework",
				"${TARGET_BUILD_DIR}/${FRAMEWORKS_FOLDER_PATH}/RxRelay.framework",
				"${TARGET_BUILD_DIR}/${FRAMEWORKS_FOLDER_PATH}/RxSwift.framework",
				"${TARGET_BUILD_DIR}/${FRAMEWORKS_FOLDER_PATH}/SnapKit.framework",
				"${TARGET_BUILD_DIR}/${FRAMEWORKS_FOLDER_PATH}/TTAssistKit.framework",
				"${TARGET_BUILD_DIR}/${FRAMEWORKS_FOLDER_PATH}/TTBusinessComponents.framework",
				"${TARGET_BUILD_DIR}/${FRAMEWORKS_FOLDER_PATH}/TTUIKit.framework",
			);
			runOnlyForDeploymentPostprocessing = 0;
			shellPath = /bin/sh;
			shellScript = "\"${PODS_ROOT}/Target Support Files/Pods-TTBusinessComponents_Example/Pods-TTBusinessComponents_Example-frameworks.sh\"\n";
			showEnvVarsInLog = 0;
		};
		C9A1AEF3A9B59B4639B40349 /* [CP] Check Pods Manifest.lock */ = {
			isa = PBXShellScriptBuildPhase;
			buildActionMask = 2147483647;
			files = (
			);
			inputFileListPaths = (
			);
			inputPaths = (
				"${PODS_PODFILE_DIR_PATH}/Podfile.lock",
				"${PODS_ROOT}/Manifest.lock",
			);
			name = "[CP] Check Pods Manifest.lock";
			outputFileListPaths = (
			);
			outputPaths = (
				"$(DERIVED_FILE_DIR)/Pods-TTBusinessComponents_Example-checkManifestLockResult.txt",
			);
			runOnlyForDeploymentPostprocessing = 0;
			shellPath = /bin/sh;
			shellScript = "diff \"${PODS_PODFILE_DIR_PATH}/Podfile.lock\" \"${PODS_ROOT}/Manifest.lock\" > /dev/null\nif [ $? != 0 ] ; then\n    # print error to STDERR\n    echo \"error: The sandbox is not in sync with the Podfile.lock. Run 'pod install' or update your CocoaPods installation.\" >&2\n    exit 1\nfi\n# This output is used by Xcode 'outputs' to avoid re-running this script phase.\necho \"SUCCESS\" > \"${SCRIPT_OUTPUT_FILE_0}\"\n";
			showEnvVarsInLog = 0;
		};
/* End PBXShellScriptBuildPhase section */

/* Begin PBXSourcesBuildPhase section */
		607FACCC1AFB9204008FA782 /* Sources */ = {
			isa = PBXSourcesBuildPhase;
			buildActionMask = 2147483647;
			files = (
				607FACD81AFB9204008FA782 /* ViewController.swift in Sources */,
				607FACD61AFB9204008FA782 /* AppDelegate.swift in Sources */,
			);
			runOnlyForDeploymentPostprocessing = 0;
		};
		607FACE11AFB9204008FA782 /* Sources */ = {
			isa = PBXSourcesBuildPhase;
			buildActionMask = 2147483647;
			files = (
				607FACEC1AFB9204008FA782 /* Tests.swift in Sources */,
			);
			runOnlyForDeploymentPostprocessing = 0;
		};
/* End PBXSourcesBuildPhase section */

/* Begin PBXTargetDependency section */
		607FACE71AFB9204008FA782 /* PBXTargetDependency */ = {
			isa = PBXTargetDependency;
			target = 607FACCF1AFB9204008FA782 /* TTBusinessComponents_Example */;
			targetProxy = 607FACE61AFB9204008FA782 /* PBXContainerItemProxy */;
		};
/* End PBXTargetDependency section */

/* Begin PBXVariantGroup section */
		607FACD91AFB9204008FA782 /* Main.storyboard */ = {
			isa = PBXVariantGroup;
			children = (
				607FACDA1AFB9204008FA782 /* Base */,
			);
			name = Main.storyboard;
			sourceTree = "<group>";
		};
		607FACDE1AFB9204008FA782 /* LaunchScreen.xib */ = {
			isa = PBXVariantGroup;
			children = (
				607FACDF1AFB9204008FA782 /* Base */,
			);
			name = LaunchScreen.xib;
			sourceTree = "<group>";
		};
/* End PBXVariantGroup section */

/* Begin XCBuildConfiguration section */
		607FACED1AFB9204008FA782 /* Debug */ = {
			isa = XCBuildConfiguration;
			buildSettings = {
				ALWAYS_SEARCH_USER_PATHS = NO;
				CLANG_CXX_LANGUAGE_STANDARD = "gnu++0x";
				CLANG_CXX_LIBRARY = "libc++";
				CLANG_ENABLE_MODULES = YES;
				CLANG_ENABLE_OBJC_ARC = YES;
				CLANG_WARN_BLOCK_CAPTURE_AUTORELEASING = YES;
				CLANG_WARN_BOOL_CONVERSION = YES;
				CLANG_WARN_COMMA = YES;
				CLANG_WARN_CONSTANT_CONVERSION = YES;
				CLANG_WARN_DIRECT_OBJC_ISA_USAGE = YES_ERROR;
				CLANG_WARN_EMPTY_BODY = YES;
				CLANG_WARN_ENUM_CONVERSION = YES;
				CLANG_WARN_INFINITE_RECURSION = YES;
				CLANG_WARN_INT_CONVERSION = YES;
				CLANG_WARN_NON_LITERAL_NULL_CONVERSION = YES;
				CLANG_WARN_OBJC_LITERAL_CONVERSION = YES;
				CLANG_WARN_OBJC_ROOT_CLASS = YES_ERROR;
				CLANG_WARN_RANGE_LOOP_ANALYSIS = YES;
				CLANG_WARN_STRICT_PROTOTYPES = YES;
				CLANG_WARN_SUSPICIOUS_MOVE = YES;
				CLANG_WARN_UNREACHABLE_CODE = YES;
				CLANG_WARN__DUPLICATE_METHOD_MATCH = YES;
				"CODE_SIGN_IDENTITY[sdk=iphoneos*]" = "iPhone Developer";
				COPY_PHASE_STRIP = NO;
				DEBUG_INFORMATION_FORMAT = "dwarf-with-dsym";
				ENABLE_STRICT_OBJC_MSGSEND = YES;
				ENABLE_TESTABILITY = YES;
				GCC_C_LANGUAGE_STANDARD = gnu99;
				GCC_DYNAMIC_NO_PIC = NO;
				GCC_NO_COMMON_BLOCKS = YES;
				GCC_OPTIMIZATION_LEVEL = 0;
				GCC_PREPROCESSOR_DEFINITIONS = (
					"DEBUG=1",
					"$(inherited)",
				);
				GCC_SYMBOLS_PRIVATE_EXTERN = NO;
				GCC_WARN_64_TO_32_BIT_CONVERSION = YES;
				GCC_WARN_ABOUT_RETURN_TYPE = YES_ERROR;
				GCC_WARN_UNDECLARED_SELECTOR = YES;
				GCC_WARN_UNINITIALIZED_AUTOS = YES_AGGRESSIVE;
				GCC_WARN_UNUSED_FUNCTION = YES;
				GCC_WARN_UNUSED_VARIABLE = YES;
				IPHONEOS_DEPLOYMENT_TARGET = 11.0;
				MTL_ENABLE_DEBUG_INFO = YES;
				ONLY_ACTIVE_ARCH = YES;
				SDKROOT = iphoneos;
				SWIFT_OPTIMIZATION_LEVEL = "-Onone";
			};
			name = Debug;
		};
		607FACEE1AFB9204008FA782 /* Release */ = {
			isa = XCBuildConfiguration;
			buildSettings = {
				ALWAYS_SEARCH_USER_PATHS = NO;
				CLANG_CXX_LANGUAGE_STANDARD = "gnu++0x";
				CLANG_CXX_LIBRARY = "libc++";
				CLANG_ENABLE_MODULES = YES;
				CLANG_ENABLE_OBJC_ARC = YES;
				CLANG_WARN_BLOCK_CAPTURE_AUTORELEASING = YES;
				CLANG_WARN_BOOL_CONVERSION = YES;
				CLANG_WARN_COMMA = YES;
				CLANG_WARN_CONSTANT_CONVERSION = YES;
				CLANG_WARN_DIRECT_OBJC_ISA_USAGE = YES_ERROR;
				CLANG_WARN_EMPTY_BODY = YES;
				CLANG_WARN_ENUM_CONVERSION = YES;
				CLANG_WARN_INFINITE_RECURSION = YES;
				CLANG_WARN_INT_CONVERSION = YES;
				CLANG_WARN_NON_LITERAL_NULL_CONVERSION = YES;
				CLANG_WARN_OBJC_LITERAL_CONVERSION = YES;
				CLANG_WARN_OBJC_ROOT_CLASS = YES_ERROR;
				CLANG_WARN_RANGE_LOOP_ANALYSIS = YES;
				CLANG_WARN_STRICT_PROTOTYPES = YES;
				CLANG_WARN_SUSPICIOUS_MOVE = YES;
				CLANG_WARN_UNREACHABLE_CODE = YES;
				CLANG_WARN__DUPLICATE_METHOD_MATCH = YES;
				"CODE_SIGN_IDENTITY[sdk=iphoneos*]" = "iPhone Developer";
				COPY_PHASE_STRIP = NO;
				DEBUG_INFORMATION_FORMAT = "dwarf-with-dsym";
				ENABLE_NS_ASSERTIONS = NO;
				ENABLE_STRICT_OBJC_MSGSEND = YES;
				GCC_C_LANGUAGE_STANDARD = gnu99;
				GCC_NO_COMMON_BLOCKS = YES;
				GCC_WARN_64_TO_32_BIT_CONVERSION = YES;
				GCC_WARN_ABOUT_RETURN_TYPE = YES_ERROR;
				GCC_WARN_UNDECLARED_SELECTOR = YES;
				GCC_WARN_UNINITIALIZED_AUTOS = YES_AGGRESSIVE;
				GCC_WARN_UNUSED_FUNCTION = YES;
				GCC_WARN_UNUSED_VARIABLE = YES;
				IPHONEOS_DEPLOYMENT_TARGET = 11.0;
				MTL_ENABLE_DEBUG_INFO = NO;
				SDKROOT = iphoneos;
				SWIFT_OPTIMIZATION_LEVEL = "-Owholemodule";
				VALIDATE_PRODUCT = YES;
			};
			name = Release;
		};
		607FACF01AFB9204008FA782 /* Debug */ = {
			isa = XCBuildConfiguration;
			baseConfigurationReference = B37016DA109801E70E2F78E4 /* Pods-TTBusinessComponents_Example.debug.xcconfig */;
			buildSettings = {
				ASSETCATALOG_COMPILER_APPICON_NAME = AppIcon;
				DEVELOPMENT_TEAM = VG9RN5B3S9;
				INFOPLIST_FILE = TTBusinessComponents/Info.plist;
				IPHONEOS_DEPLOYMENT_TARGET = 11.0;
				LD_RUNPATH_SEARCH_PATHS = "$(inherited) @executable_path/Frameworks";
				MODULE_NAME = ExampleApp;
				PRODUCT_BUNDLE_IDENTIFIER = "org.cocoapods.demo.$(PRODUCT_NAME:rfc1034identifier)";
				PRODUCT_NAME = "$(TARGET_NAME)";
				SWIFT_SWIFT3_OBJC_INFERENCE = Default;
				SWIFT_VERSION = 4.0;
			};
			name = Debug;
		};
		607FACF11AFB9204008FA782 /* Release */ = {
			isa = XCBuildConfiguration;
			baseConfigurationReference = 29E86139F948A124D29B80AF /* Pods-TTBusinessComponents_Example.release.xcconfig */;
			buildSettings = {
				ASSETCATALOG_COMPILER_APPICON_NAME = AppIcon;
				DEVELOPMENT_TEAM = VG9RN5B3S9;
				INFOPLIST_FILE = TTBusinessComponents/Info.plist;
				IPHONEOS_DEPLOYMENT_TARGET = 11.0;
				LD_RUNPATH_SEARCH_PATHS = "$(inherited) @executable_path/Frameworks";
				MODULE_NAME = ExampleApp;
				PRODUCT_BUNDLE_IDENTIFIER = "org.cocoapods.demo.$(PRODUCT_NAME:rfc1034identifier)";
				PRODUCT_NAME = "$(TARGET_NAME)";
				SWIFT_SWIFT3_OBJC_INFERENCE = Default;
				SWIFT_VERSION = 4.0;
			};
			name = Release;
		};
		607FACF31AFB9204008FA782 /* Debug */ = {
			isa = XCBuildConfiguration;
			baseConfigurationReference = 12728A665B26D79836049B6A /* Pods-TTBusinessComponents_Tests.debug.xcconfig */;
			buildSettings = {
				"CODE_SIGN_IDENTITY[sdk=macosx*]" = "-";
				DEVELOPMENT_TEAM = VG9RN5B3S9;
				FRAMEWORK_SEARCH_PATHS = (
					"$(PLATFORM_DIR)/Developer/Library/Frameworks",
					"$(inherited)",
				);
				GCC_PREPROCESSOR_DEFINITIONS = (
					"DEBUG=1",
					"$(inherited)",
				);
				INFOPLIST_FILE = Tests/Info.plist;
				LD_RUNPATH_SEARCH_PATHS = "$(inherited) @executable_path/Frameworks @loader_path/Frameworks";
				PRODUCT_BUNDLE_IDENTIFIER = "org.cocoapods.$(PRODUCT_NAME:rfc1034identifier)";
				PRODUCT_NAME = "$(TARGET_NAME)";
				SWIFT_SWIFT3_OBJC_INFERENCE = Default;
				SWIFT_VERSION = 4.0;
				TEST_HOST = "$(BUILT_PRODUCTS_DIR)/TTBusinessComponents_Example.app/TTBusinessComponents_Example";
			};
			name = Debug;
		};
		607FACF41AFB9204008FA782 /* Release */ = {
			isa = XCBuildConfiguration;
			baseConfigurationReference = 62FAF268B046ADFAD7DD5C84 /* Pods-TTBusinessComponents_Tests.release.xcconfig */;
			buildSettings = {
				"CODE_SIGN_IDENTITY[sdk=macosx*]" = "-";
				DEVELOPMENT_TEAM = VG9RN5B3S9;
				FRAMEWORK_SEARCH_PATHS = (
					"$(PLATFORM_DIR)/Developer/Library/Frameworks",
					"$(inherited)",
				);
				INFOPLIST_FILE = Tests/Info.plist;
				LD_RUNPATH_SEARCH_PATHS = "$(inherited) @executable_path/Frameworks @loader_path/Frameworks";
				PRODUCT_BUNDLE_IDENTIFIER = "org.cocoapods.$(PRODUCT_NAME:rfc1034identifier)";
				PRODUCT_NAME = "$(TARGET_NAME)";
				SWIFT_SWIFT3_OBJC_INFERENCE = Default;
				SWIFT_VERSION = 4.0;
				TEST_HOST = "$(BUILT_PRODUCTS_DIR)/TTBusinessComponents_Example.app/TTBusinessComponents_Example";
			};
			name = Release;
		};
/* End XCBuildConfiguration section */

/* Begin XCConfigurationList section */
		607FACCB1AFB9204008FA782 /* Build configuration list for PBXProject "TTBusinessComponents" */ = {
			isa = XCConfigurationList;
			buildConfigurations = (
				607FACED1AFB9204008FA782 /* Debug */,
				607FACEE1AFB9204008FA782 /* Release */,
			);
			defaultConfigurationIsVisible = 0;
			defaultConfigurationName = Release;
		};
		607FACEF1AFB9204008FA782 /* Build configuration list for PBXNativeTarget "TTBusinessComponents_Example" */ = {
			isa = XCConfigurationList;
			buildConfigurations = (
				607FACF01AFB9204008FA782 /* Debug */,
				607FACF11AFB9204008FA782 /* Release */,
			);
			defaultConfigurationIsVisible = 0;
			defaultConfigurationName = Release;
		};
		607FACF21AFB9204008FA782 /* Build configuration list for PBXNativeTarget "TTBusinessComponents_Tests" */ = {
			isa = XCConfigurationList;
			buildConfigurations = (
				607FACF31AFB9204008FA782 /* Debug */,
				607FACF41AFB9204008FA782 /* Release */,
			);
			defaultConfigurationIsVisible = 0;
			defaultConfigurationName = Release;
		};
/* End XCConfigurationList section */
	};
	rootObject = 607FACC81AFB9204008FA782 /* Project object */;
}
